// !$*UTF8*$!
{
	archiveVersion = 1;
	classes = {
	};
	objectVersion = 50;
	objects = {

/* Begin PBXBuildFile section */
		0781241FEB10A4E8961AA0CD /* Pods_Showcase_Dev.framework in Frameworks */ = {isa = PBXBuildFile; fileRef = EEF5A32AE70774C7F942B237 /* Pods_Showcase_Dev.framework */; };
		30236FA82082BD360049D817 /* DrawerView.xib in Resources */ = {isa = PBXBuildFile; fileRef = 30236FA72082BD360049D817 /* DrawerView.xib */; };
		30236FA92082BD360049D817 /* DrawerView.xib in Resources */ = {isa = PBXBuildFile; fileRef = 30236FA72082BD360049D817 /* DrawerView.xib */; };
		3029491720817B870034DF65 /* Localizable.strings in Resources */ = {isa = PBXBuildFile; fileRef = 3029491520817B870034DF65 /* Localizable.strings */; };
		3029491820817B870034DF65 /* Localizable.strings in Resources */ = {isa = PBXBuildFile; fileRef = 3029491520817B870034DF65 /* Localizable.strings */; };
		3029491A20818E830034DF65 /* Home.storyboard in Resources */ = {isa = PBXBuildFile; fileRef = 3029491920818E830034DF65 /* Home.storyboard */; };
		3029491B20818E830034DF65 /* Home.storyboard in Resources */ = {isa = PBXBuildFile; fileRef = 3029491920818E830034DF65 /* Home.storyboard */; };
		3029491F208193550034DF65 /* lato_bold.ttf in Resources */ = {isa = PBXBuildFile; fileRef = 3029491C208193550034DF65 /* lato_bold.ttf */; };
		30294920208193550034DF65 /* lato_bold.ttf in Resources */ = {isa = PBXBuildFile; fileRef = 3029491C208193550034DF65 /* lato_bold.ttf */; };
		30294921208193550034DF65 /* lato_light.ttf in Resources */ = {isa = PBXBuildFile; fileRef = 3029491D208193550034DF65 /* lato_light.ttf */; };
		30294922208193550034DF65 /* lato_light.ttf in Resources */ = {isa = PBXBuildFile; fileRef = 3029491D208193550034DF65 /* lato_light.ttf */; };
		30294923208193550034DF65 /* lato_regular.ttf in Resources */ = {isa = PBXBuildFile; fileRef = 3029491E208193550034DF65 /* lato_regular.ttf */; };
		30294924208193550034DF65 /* lato_regular.ttf in Resources */ = {isa = PBXBuildFile; fileRef = 3029491E208193550034DF65 /* lato_regular.ttf */; };
		30685A3D208174E8002935FE /* AppDelegate.swift in Sources */ = {isa = PBXBuildFile; fileRef = 30B87AE52081733300E10E57 /* AppDelegate.swift */; };
		30B87AE62081733300E10E57 /* AppDelegate.swift in Sources */ = {isa = PBXBuildFile; fileRef = 30B87AE52081733300E10E57 /* AppDelegate.swift */; };
		30D5BD0620842B9F0023319C /* LoadingView.xib in Resources */ = {isa = PBXBuildFile; fileRef = 30D5BD0520842B9F0023319C /* LoadingView.xib */; };
		30D5BD0720842B9F0023319C /* LoadingView.xib in Resources */ = {isa = PBXBuildFile; fileRef = 30D5BD0520842B9F0023319C /* LoadingView.xib */; };
		30D5BD0920842C010023319C /* InlineLoadingView.xib in Resources */ = {isa = PBXBuildFile; fileRef = 30D5BD0820842C010023319C /* InlineLoadingView.xib */; };
		30D5BD0A20842C010023319C /* InlineLoadingView.xib in Resources */ = {isa = PBXBuildFile; fileRef = 30D5BD0820842C010023319C /* InlineLoadingView.xib */; };
		750C10E8F6EE2A748C1CC555 /* Pods_Showcase.framework in Frameworks */ = {isa = PBXBuildFile; fileRef = 9B758768C3D6ED83E9FAE757 /* Pods_Showcase.framework */; };
		BE40C0130686EF7E10E43B09 /* Identifiers.swift in Sources */ = {isa = PBXBuildFile; fileRef = BE40C1736107DC243C6912AC /* Identifiers.swift */; };
		BE40C017F7B6C28BA9EBC5BE /* String_Extension.swift in Sources */ = {isa = PBXBuildFile; fileRef = BE40CEF758A6A167681E5745 /* String_Extension.swift */; };
		BE40C02CD48FE7F78640BF38 /* AboutViewMask.swift in Sources */ = {isa = PBXBuildFile; fileRef = BE40C20F2F36806546FA12F2 /* AboutViewMask.swift */; };
		BE40C02E7889BD867723D038 /* BaseViewMask.swift in Sources */ = {isa = PBXBuildFile; fileRef = BE40C83FB5D48F4623709463 /* BaseViewMask.swift */; };
		BE40C0A3F46C42716E6AED1C /* CharacterView.swift in Sources */ = {isa = PBXBuildFile; fileRef = BE40C4A4F0DFBBB7B05096AC /* CharacterView.swift */; };
		BE40C0A4432357D08C5A66F8 /* Dimensions.swift in Sources */ = {isa = PBXBuildFile; fileRef = BE40CEB99E63C82ABEF83156 /* Dimensions.swift */; };
		BE40C0B1456CC8E334E5D1FE /* ReplaceSegue.swift in Sources */ = {isa = PBXBuildFile; fileRef = BE40C483B2AA88F344E8B2D2 /* ReplaceSegue.swift */; };
		BE40C0BC03A9EB748A9DF1F0 /* AcknowledgementsPresenter.swift in Sources */ = {isa = PBXBuildFile; fileRef = BE40C4F45C8A048B1F23ACBB /* AcknowledgementsPresenter.swift */; };
		BE40C0BCD11704F17DC5C335 /* UIColor_Extension.swift in Sources */ = {isa = PBXBuildFile; fileRef = BE40CD13D7711FF67FE76225 /* UIColor_Extension.swift */; };
		BE40C0D30E7432C6DA881CEB /* UIView_Extension.swift in Sources */ = {isa = PBXBuildFile; fileRef = BE40C4E2E70D3C8B667EEE4D /* UIView_Extension.swift */; };
		BE40C0EC6E80D2F1D4CC8FDE /* LoadingView.swift in Sources */ = {isa = PBXBuildFile; fileRef = BE40C2AFF47D9DF921478D99 /* LoadingView.swift */; };
		BE40C129386113265DF12EB1 /* LoadingView.swift in Sources */ = {isa = PBXBuildFile; fileRef = BE40C2AFF47D9DF921478D99 /* LoadingView.swift */; };
		BE40C138CF62FB6952295AAA /* HomePresenter.swift in Sources */ = {isa = PBXBuildFile; fileRef = BE40C57FDBB65334C340B18E /* HomePresenter.swift */; };
		BE40C16B432B47BB665A7DB7 /* HomeViewMask.swift in Sources */ = {isa = PBXBuildFile; fileRef = BE40C8C077852D92D8A4DC01 /* HomeViewMask.swift */; };
		BE40C1C339DE5EB7E2F1019F /* Launch.storyboard in Resources */ = {isa = PBXBuildFile; fileRef = BE40CB1BB8E9BF913EF89839 /* Launch.storyboard */; };
		BE40C23E48FACA541374E186 /* Launch.storyboard in Resources */ = {isa = PBXBuildFile; fileRef = BE40CB1BB8E9BF913EF89839 /* Launch.storyboard */; };
		BE40C246CD986FD3994E7569 /* BaseViewController.swift in Sources */ = {isa = PBXBuildFile; fileRef = BE40CCC5D91E07C9D5DECAF9 /* BaseViewController.swift */; };
		BE40C2475D363B1DD5449451 /* JokePageCell.swift in Sources */ = {isa = PBXBuildFile; fileRef = BE40CCE6981BE6BB563A55E4 /* JokePageCell.swift */; };
		BE40C287319C5BF7C93E4482 /* DrawerView.swift in Sources */ = {isa = PBXBuildFile; fileRef = BE40CA4C0BCB79C2CBA20B5E /* DrawerView.swift */; };
		BE40C28BC7F7E5D1082471DA /* AcknowledgementsViewMask.swift in Sources */ = {isa = PBXBuildFile; fileRef = BE40C66F802DCB285019F9A5 /* AcknowledgementsViewMask.swift */; };
		BE40C293A2B8BB7624C47264 /* InlineLoadingView.swift in Sources */ = {isa = PBXBuildFile; fileRef = BE40C7D6A23BBDF3AED9E040 /* InlineLoadingView.swift */; };
		BE40C2B40774993A0109E6A6 /* NSAttributedString_Extension.swift in Sources */ = {isa = PBXBuildFile; fileRef = BE40CCB3A1C9E77FF076BE8F /* NSAttributedString_Extension.swift */; };
		BE40C37C30D8BF5656C1A26D /* JokesAdapter.swift in Sources */ = {isa = PBXBuildFile; fileRef = BE40C2E96D190E76939819C6 /* JokesAdapter.swift */; };
		BE40C3861E38F2C51C5F9306 /* SearchViewMask.swift in Sources */ = {isa = PBXBuildFile; fileRef = BE40CCB281B1CF7681EE1364 /* SearchViewMask.swift */; };
		BE40C39206B86865FA6A5483 /* JokesPagerAdapter.swift in Sources */ = {isa = PBXBuildFile; fileRef = BE40CB24A8833BE26EAC9169 /* JokesPagerAdapter.swift */; };
		BE40C39F209BDC228A13E6BE /* HomeViewController.swift in Sources */ = {isa = PBXBuildFile; fileRef = BE40CEEFDE3164B6F41775A0 /* HomeViewController.swift */; };
		BE40C3A35256E5C574AFB894 /* Assets.xcassets in Resources */ = {isa = PBXBuildFile; fileRef = BE40C02AA8662398B0ED4658 /* Assets.xcassets */; };
		BE40C420A0CCDB868701CE04 /* ObservableConstraint.swift in Sources */ = {isa = PBXBuildFile; fileRef = BE40C6C59063F6DF96C5274C /* ObservableConstraint.swift */; };
		BE40C46518E74C8D8AD9E937 /* AboutViewController.swift in Sources */ = {isa = PBXBuildFile; fileRef = BE40CA7F785E261C4FD11763 /* AboutViewController.swift */; };
		BE40C467B70327309EC28670 /* AcknowledgementsViewController.swift in Sources */ = {isa = PBXBuildFile; fileRef = BE40C9CEEF9D09D1E03DB95F /* AcknowledgementsViewController.swift */; };
		BE40C4826330D892C141659D /* Splash.storyboard in Resources */ = {isa = PBXBuildFile; fileRef = BE40CB81503DDEB136E5FD6A /* Splash.storyboard */; };
		BE40C49A190B66672EDB44B6 /* CustomLabel.swift in Sources */ = {isa = PBXBuildFile; fileRef = BE40C5769F0EA7D8502BBB44 /* CustomLabel.swift */; };
		BE40C4C0E7F282BCB964BACF /* JokePageCell.swift in Sources */ = {isa = PBXBuildFile; fileRef = BE40CCE6981BE6BB563A55E4 /* JokePageCell.swift */; };
		BE40C4C62DDA5F3385EE610B /* AcknowledgementsViewMask.swift in Sources */ = {isa = PBXBuildFile; fileRef = BE40C66F802DCB285019F9A5 /* AcknowledgementsViewMask.swift */; };
		BE40C4C769631A41EAABD6CA /* DrawerView.swift in Sources */ = {isa = PBXBuildFile; fileRef = BE40CA4C0BCB79C2CBA20B5E /* DrawerView.swift */; };
		BE40C504A5B8E91A69D3CB20 /* CharacterView.swift in Sources */ = {isa = PBXBuildFile; fileRef = BE40C4A4F0DFBBB7B05096AC /* CharacterView.swift */; };
		BE40C512DBAAD2D53D2FB9E9 /* ErrorDto.swift in Sources */ = {isa = PBXBuildFile; fileRef = BE40CCAC5329789D7F77D33E /* ErrorDto.swift */; };
		BE40C575D2E7E33F1DD4DEC6 /* CustomButton.swift in Sources */ = {isa = PBXBuildFile; fileRef = BE40C7F28310119A237B5460 /* CustomButton.swift */; };
		BE40C59187FD43C5461DF012 /* ObservableConstraint.swift in Sources */ = {isa = PBXBuildFile; fileRef = BE40C6C59063F6DF96C5274C /* ObservableConstraint.swift */; };
		BE40C5AA3848C211CB077977 /* AboutViewController.swift in Sources */ = {isa = PBXBuildFile; fileRef = BE40CA7F785E261C4FD11763 /* AboutViewController.swift */; };
		BE40C6232C3DDB8433609763 /* Joke.swift in Sources */ = {isa = PBXBuildFile; fileRef = BE40CAF6AE9FD32737FB5326 /* Joke.swift */; };
		BE40C6381DE77D5685EF1DF0 /* BaseHttpBroker.swift in Sources */ = {isa = PBXBuildFile; fileRef = BE40C08FCCD1F3A08793FA2C /* BaseHttpBroker.swift */; };
		BE40C63EF437F95EAD9133BF /* BaseViewController.swift in Sources */ = {isa = PBXBuildFile; fileRef = BE40CCC5D91E07C9D5DECAF9 /* BaseViewController.swift */; };
		BE40C646C53250439AB4A5E9 /* licenses.html in Resources */ = {isa = PBXBuildFile; fileRef = BE40C45EE706BF926DF522A9 /* licenses.html */; };
		BE40C6668EFD12C1F599FEBA /* CustomNavigationItem.swift in Sources */ = {isa = PBXBuildFile; fileRef = BE40C616814E046E825D3F78 /* CustomNavigationItem.swift */; };
		BE40C67639745F5F69025087 /* SearchPresenter.swift in Sources */ = {isa = PBXBuildFile; fileRef = BE40CF7175EA6F83E423244A /* SearchPresenter.swift */; };
		BE40C6ADC444EAE2994B4600 /* InlineLoadingView.swift in Sources */ = {isa = PBXBuildFile; fileRef = BE40C7D6A23BBDF3AED9E040 /* InlineLoadingView.swift */; };
		BE40C6B2EF4D926A3E71BC52 /* JokesBroker.swift in Sources */ = {isa = PBXBuildFile; fileRef = BE40C1337106EA5789B09565 /* JokesBroker.swift */; };
		BE40C6F4E295A321DCB0FD0D /* CustomTextField.swift in Sources */ = {isa = PBXBuildFile; fileRef = BE40CA93D2A3EC77E6B646D9 /* CustomTextField.swift */; };
		BE40C719FCC03139D1A257FC /* CustomNavigationItem.swift in Sources */ = {isa = PBXBuildFile; fileRef = BE40C616814E046E825D3F78 /* CustomNavigationItem.swift */; };
		BE40C740AFB8431E24F9EBBD /* URL_Extension.swift in Sources */ = {isa = PBXBuildFile; fileRef = BE40C830CB5398CB35135FA4 /* URL_Extension.swift */; };
		BE40C78A68CEA7AF285374EC /* BaseUIView.swift in Sources */ = {isa = PBXBuildFile; fileRef = BE40CB89F0699E458124585D /* BaseUIView.swift */; };
		BE40C839613268F3EFDA1D34 /* CustomTextField.swift in Sources */ = {isa = PBXBuildFile; fileRef = BE40CA93D2A3EC77E6B646D9 /* CustomTextField.swift */; };
		BE40C88925D62129907959EB /* CustomLabel.swift in Sources */ = {isa = PBXBuildFile; fileRef = BE40C5769F0EA7D8502BBB44 /* CustomLabel.swift */; };
		BE40C88B5C9763B124084257 /* Dimensions.swift in Sources */ = {isa = PBXBuildFile; fileRef = BE40CEB99E63C82ABEF83156 /* Dimensions.swift */; };
		BE40C890D2A7B5F6CDF204D1 /* Array_Extension.swift in Sources */ = {isa = PBXBuildFile; fileRef = BE40CC54895F50A3D58C5318 /* Array_Extension.swift */; };
		BE40C8A260D50BE23986193C /* BasePresenter.swift in Sources */ = {isa = PBXBuildFile; fileRef = BE40C14A982F202A8BD43A07 /* BasePresenter.swift */; };
		BE40C8AA319FAF77ACFBB76D /* BaseViewMask.swift in Sources */ = {isa = PBXBuildFile; fileRef = BE40C83FB5D48F4623709463 /* BaseViewMask.swift */; };
		BE40C93DF4BB80230E2B9DB5 /* NSMutableAttributedString_Extension.swift in Sources */ = {isa = PBXBuildFile; fileRef = BE40CD0B90FC114FD2C3F01B /* NSMutableAttributedString_Extension.swift */; };
		BE40C979524E1B07C5D95217 /* CustomButton.swift in Sources */ = {isa = PBXBuildFile; fileRef = BE40C7F28310119A237B5460 /* CustomButton.swift */; };
		BE40C99961305304478A1D9D /* AboutPresenter.swift in Sources */ = {isa = PBXBuildFile; fileRef = BE40CDC25B26D05541B5934E /* AboutPresenter.swift */; };
		BE40C9A46490B9BAC86BB3D6 /* ErrorDto.swift in Sources */ = {isa = PBXBuildFile; fileRef = BE40CCAC5329789D7F77D33E /* ErrorDto.swift */; };
		BE40C9D3B64DEA5B3EEB3505 /* ReplaceSegue.swift in Sources */ = {isa = PBXBuildFile; fileRef = BE40C483B2AA88F344E8B2D2 /* ReplaceSegue.swift */; };
		BE40C9D5D65FF19123ABCF70 /* HomeViewMask.swift in Sources */ = {isa = PBXBuildFile; fileRef = BE40C8C077852D92D8A4DC01 /* HomeViewMask.swift */; };
		BE40C9E0A362D4A78A3E9266 /* JokeCell.swift in Sources */ = {isa = PBXBuildFile; fileRef = BE40CE3C3A241F55E90ABA09 /* JokeCell.swift */; };
		BE40C9F14506BDFB06003298 /* CustomNavigationController.swift in Sources */ = {isa = PBXBuildFile; fileRef = BE40CCEC18BF5C428BA14B77 /* CustomNavigationController.swift */; };
		BE40CA21280B38AEF0F65A10 /* HomePresenter.swift in Sources */ = {isa = PBXBuildFile; fileRef = BE40C57FDBB65334C340B18E /* HomePresenter.swift */; };
		BE40CA28C1AB1DD49853432B /* URL_Extension.swift in Sources */ = {isa = PBXBuildFile; fileRef = BE40C830CB5398CB35135FA4 /* URL_Extension.swift */; };
		BE40CA3EF736D7244EC77B29 /* SplashViewMask.swift in Sources */ = {isa = PBXBuildFile; fileRef = BE40C6CEA7429A7645564725 /* SplashViewMask.swift */; };
		BE40CA504DEFD26B0E504DFC /* KeyboardChangeObserver.swift in Sources */ = {isa = PBXBuildFile; fileRef = BE40C553D6C08D4843181E5A /* KeyboardChangeObserver.swift */; };
		BE40CA5A57A1277BA732F9E6 /* Assets.xcassets in Resources */ = {isa = PBXBuildFile; fileRef = BE40C02AA8662398B0ED4658 /* Assets.xcassets */; };
		BE40CA984BB69F760498495D /* AboutPresenter.swift in Sources */ = {isa = PBXBuildFile; fileRef = BE40CDC25B26D05541B5934E /* AboutPresenter.swift */; };
		BE40CAAE38CBC0FE573110F1 /* KeyboardChangeObserver.swift in Sources */ = {isa = PBXBuildFile; fileRef = BE40C553D6C08D4843181E5A /* KeyboardChangeObserver.swift */; };
		BE40CB0FBBBA1479774134E0 /* AboutViewMask.swift in Sources */ = {isa = PBXBuildFile; fileRef = BE40C20F2F36806546FA12F2 /* AboutViewMask.swift */; };
		BE40CB1D47570FA3DE02B165 /* Identifiers.swift in Sources */ = {isa = PBXBuildFile; fileRef = BE40C1736107DC243C6912AC /* Identifiers.swift */; };
		BE40CB656B285E5EBDE78B0C /* BasePresenter.swift in Sources */ = {isa = PBXBuildFile; fileRef = BE40C14A982F202A8BD43A07 /* BasePresenter.swift */; };
		BE40CB7DE83B014352DE617F /* licenses.html in Resources */ = {isa = PBXBuildFile; fileRef = BE40C45EE706BF926DF522A9 /* licenses.html */; };
		BE40CB86C2F7A45F8D23B696 /* Array_Extension.swift in Sources */ = {isa = PBXBuildFile; fileRef = BE40CC54895F50A3D58C5318 /* Array_Extension.swift */; };
		BE40CB9960042C43DC7987E9 /* JokeCell.swift in Sources */ = {isa = PBXBuildFile; fileRef = BE40CE3C3A241F55E90ABA09 /* JokeCell.swift */; };
		BE40CBB026685BB106F30A08 /* CustomNavigationController.swift in Sources */ = {isa = PBXBuildFile; fileRef = BE40CCEC18BF5C428BA14B77 /* CustomNavigationController.swift */; };
		BE40CBBA4674D8B9C42D93D9 /* Attributes.swift in Sources */ = {isa = PBXBuildFile; fileRef = BE40CA4560F7C1F486F9B9C7 /* Attributes.swift */; };
		BE40CC47A59DB3FC1F0C21E8 /* NSMutableAttributedString_Extension.swift in Sources */ = {isa = PBXBuildFile; fileRef = BE40CD0B90FC114FD2C3F01B /* NSMutableAttributedString_Extension.swift */; };
		BE40CC53932BF7A4FFC4E4D6 /* JokesPagerAdapter.swift in Sources */ = {isa = PBXBuildFile; fileRef = BE40CB24A8833BE26EAC9169 /* JokesPagerAdapter.swift */; };
		BE40CC581C3D923620A65D2D /* SplashViewMask.swift in Sources */ = {isa = PBXBuildFile; fileRef = BE40C6CEA7429A7645564725 /* SplashViewMask.swift */; };
		BE40CC742D0A8DE073E6ADBE /* SearchViewController.swift in Sources */ = {isa = PBXBuildFile; fileRef = BE40C2BE7DCD9821A48B1706 /* SearchViewController.swift */; };
		BE40CCAADAF618A035B3738B /* AcknowledgementsViewController.swift in Sources */ = {isa = PBXBuildFile; fileRef = BE40C9CEEF9D09D1E03DB95F /* AcknowledgementsViewController.swift */; };
		BE40CCB9D4A6B32592DED295 /* SplashViewController.swift in Sources */ = {isa = PBXBuildFile; fileRef = BE40C436A946A9432981A7E8 /* SplashViewController.swift */; };
		BE40CCCE8F65021E235AF1A0 /* BaseUIView.swift in Sources */ = {isa = PBXBuildFile; fileRef = BE40CB89F0699E458124585D /* BaseUIView.swift */; };
		BE40CD0E08C5470DB7F46546 /* Splash.storyboard in Resources */ = {isa = PBXBuildFile; fileRef = BE40CB81503DDEB136E5FD6A /* Splash.storyboard */; };
		BE40CD123AC8AD9F59090D70 /* SearchPresenter.swift in Sources */ = {isa = PBXBuildFile; fileRef = BE40CF7175EA6F83E423244A /* SearchPresenter.swift */; };
		BE40CD2239904EA74AA0634C /* SplashPresenter.swift in Sources */ = {isa = PBXBuildFile; fileRef = BE40C701CF57A78B9A760ADF /* SplashPresenter.swift */; };
		BE40CD2362D41BF86D129231 /* NSAttributedString_Extension.swift in Sources */ = {isa = PBXBuildFile; fileRef = BE40CCB3A1C9E77FF076BE8F /* NSAttributedString_Extension.swift */; };
		BE40CD3890822C778808C44F /* Joke.swift in Sources */ = {isa = PBXBuildFile; fileRef = BE40CAF6AE9FD32737FB5326 /* Joke.swift */; };
		BE40CD4C68B18210C8522B7B /* SplashViewController.swift in Sources */ = {isa = PBXBuildFile; fileRef = BE40C436A946A9432981A7E8 /* SplashViewController.swift */; };
		BE40CD593A4770F19ECD2131 /* JokesHolder.swift in Sources */ = {isa = PBXBuildFile; fileRef = BE40C8B97F87BA8430A735C0 /* JokesHolder.swift */; };
		BE40CD867BAEB190D0EB7536 /* SplashPresenter.swift in Sources */ = {isa = PBXBuildFile; fileRef = BE40C701CF57A78B9A760ADF /* SplashPresenter.swift */; };
		BE40CDA72838A7705FD952A6 /* String_Extension.swift in Sources */ = {isa = PBXBuildFile; fileRef = BE40CEF758A6A167681E5745 /* String_Extension.swift */; };
		BE40CDF6C23D752EB74A9B42 /* Attributes.swift in Sources */ = {isa = PBXBuildFile; fileRef = BE40CA4560F7C1F486F9B9C7 /* Attributes.swift */; };
		BE40CE1BDBF976000FA02447 /* JokesBroker.swift in Sources */ = {isa = PBXBuildFile; fileRef = BE40C1337106EA5789B09565 /* JokesBroker.swift */; };
		BE40CE8B1FEA65F35FC09F5B /* UIFont_Extension.swift in Sources */ = {isa = PBXBuildFile; fileRef = BE40CDD52A09190E6E342A46 /* UIFont_Extension.swift */; };
		BE40CE957061C911B94D81C2 /* JokesAdapter.swift in Sources */ = {isa = PBXBuildFile; fileRef = BE40C2E96D190E76939819C6 /* JokesAdapter.swift */; };
		BE40CEB5B984FCA47418BB1F /* HomeViewController.swift in Sources */ = {isa = PBXBuildFile; fileRef = BE40CEEFDE3164B6F41775A0 /* HomeViewController.swift */; };
		BE40CEBB40EB28988A3C2AAC /* UIColor_Extension.swift in Sources */ = {isa = PBXBuildFile; fileRef = BE40CD13D7711FF67FE76225 /* UIColor_Extension.swift */; };
		BE40CED25595AA876D3D447B /* AcknowledgementsPresenter.swift in Sources */ = {isa = PBXBuildFile; fileRef = BE40C4F45C8A048B1F23ACBB /* AcknowledgementsPresenter.swift */; };
		BE40CEDB1510CDA00A1401F0 /* SearchViewMask.swift in Sources */ = {isa = PBXBuildFile; fileRef = BE40CCB281B1CF7681EE1364 /* SearchViewMask.swift */; };
		BE40CF5E209A8746EA6CBE54 /* JokesHolder.swift in Sources */ = {isa = PBXBuildFile; fileRef = BE40C8B97F87BA8430A735C0 /* JokesHolder.swift */; };
		BE40CFAB72ED0E7283719AAB /* BaseHttpBroker.swift in Sources */ = {isa = PBXBuildFile; fileRef = BE40C08FCCD1F3A08793FA2C /* BaseHttpBroker.swift */; };
		BE40CFD15C5317988FEEDF52 /* SearchViewController.swift in Sources */ = {isa = PBXBuildFile; fileRef = BE40C2BE7DCD9821A48B1706 /* SearchViewController.swift */; };
		BE40CFDC0B2B77D27F818394 /* UIFont_Extension.swift in Sources */ = {isa = PBXBuildFile; fileRef = BE40CDD52A09190E6E342A46 /* UIFont_Extension.swift */; };
		BE40CFEABB9EABEC5FE04BD2 /* UIView_Extension.swift in Sources */ = {isa = PBXBuildFile; fileRef = BE40C4E2E70D3C8B667EEE4D /* UIView_Extension.swift */; };
/* End PBXBuildFile section */

/* Begin PBXFileReference section */
		30236FA72082BD360049D817 /* DrawerView.xib */ = {isa = PBXFileReference; lastKnownFileType = file.xib; path = DrawerView.xib; sourceTree = "<group>"; };
		3029491620817B870034DF65 /* Base */ = {isa = PBXFileReference; lastKnownFileType = text.plist.strings; name = Base; path = Base.lproj/Localizable.strings; sourceTree = "<group>"; };
		3029491920818E830034DF65 /* Home.storyboard */ = {isa = PBXFileReference; lastKnownFileType = file.storyboard; path = Home.storyboard; sourceTree = "<group>"; };
		3029491C208193550034DF65 /* lato_bold.ttf */ = {isa = PBXFileReference; lastKnownFileType = file; path = lato_bold.ttf; sourceTree = "<group>"; };
		3029491D208193550034DF65 /* lato_light.ttf */ = {isa = PBXFileReference; lastKnownFileType = file; path = lato_light.ttf; sourceTree = "<group>"; };
		3029491E208193550034DF65 /* lato_regular.ttf */ = {isa = PBXFileReference; lastKnownFileType = file; path = lato_regular.ttf; sourceTree = "<group>"; };
		30685A46208174E8002935FE /* Showcase-Dev.app */ = {isa = PBXFileReference; explicitFileType = wrapper.application; includeInIndex = 0; path = "Showcase-Dev.app"; sourceTree = BUILT_PRODUCTS_DIR; };
		30685A47208174E9002935FE /* Info.plist */ = {isa = PBXFileReference; lastKnownFileType = text.plist.xml; name = Info.plist; path = "/Users/liamdg/Projects/Showcase-iOS/Showcase-Dev/Info.plist"; sourceTree = "<absolute>"; };
		30B87AE22081733300E10E57 /* Showcase.app */ = {isa = PBXFileReference; explicitFileType = wrapper.application; includeInIndex = 0; path = Showcase.app; sourceTree = BUILT_PRODUCTS_DIR; };
		30B87AE52081733300E10E57 /* AppDelegate.swift */ = {isa = PBXFileReference; lastKnownFileType = sourcecode.swift; path = AppDelegate.swift; sourceTree = "<group>"; };
		30B87AF12081733500E10E57 /* Info.plist */ = {isa = PBXFileReference; lastKnownFileType = text.plist.xml; path = Info.plist; sourceTree = "<group>"; };
		30D5BD0520842B9F0023319C /* LoadingView.xib */ = {isa = PBXFileReference; lastKnownFileType = file.xib; path = LoadingView.xib; sourceTree = "<group>"; };
		30D5BD0820842C010023319C /* InlineLoadingView.xib */ = {isa = PBXFileReference; lastKnownFileType = file.xib; path = InlineLoadingView.xib; sourceTree = "<group>"; };
		488D3F893587BA5D96DFD99F /* Pods-Showcase-Dev.debug.xcconfig */ = {isa = PBXFileReference; includeInIndex = 1; lastKnownFileType = text.xcconfig; name = "Pods-Showcase-Dev.debug.xcconfig"; path = "Pods/Target Support Files/Pods-Showcase-Dev/Pods-Showcase-Dev.debug.xcconfig"; sourceTree = "<group>"; };
		7FFA5391D5D54E0B5705A5C2 /* Pods-Showcase.debug.xcconfig */ = {isa = PBXFileReference; includeInIndex = 1; lastKnownFileType = text.xcconfig; name = "Pods-Showcase.debug.xcconfig"; path = "Pods/Target Support Files/Pods-Showcase/Pods-Showcase.debug.xcconfig"; sourceTree = "<group>"; };
		9B758768C3D6ED83E9FAE757 /* Pods_Showcase.framework */ = {isa = PBXFileReference; explicitFileType = wrapper.framework; includeInIndex = 0; path = Pods_Showcase.framework; sourceTree = BUILT_PRODUCTS_DIR; };
		BE40C02AA8662398B0ED4658 /* Assets.xcassets */ = {isa = PBXFileReference; lastKnownFileType = folder.assetcatalog; path = Assets.xcassets; sourceTree = "<group>"; };
		BE40C08FCCD1F3A08793FA2C /* BaseHttpBroker.swift */ = {isa = PBXFileReference; fileEncoding = 4; lastKnownFileType = sourcecode.swift; path = BaseHttpBroker.swift; sourceTree = "<group>"; };
		BE40C1337106EA5789B09565 /* JokesBroker.swift */ = {isa = PBXFileReference; fileEncoding = 4; lastKnownFileType = sourcecode.swift; path = JokesBroker.swift; sourceTree = "<group>"; };
		BE40C14A982F202A8BD43A07 /* BasePresenter.swift */ = {isa = PBXFileReference; fileEncoding = 4; lastKnownFileType = sourcecode.swift; path = BasePresenter.swift; sourceTree = "<group>"; };
		BE40C1736107DC243C6912AC /* Identifiers.swift */ = {isa = PBXFileReference; fileEncoding = 4; lastKnownFileType = sourcecode.swift; path = Identifiers.swift; sourceTree = "<group>"; };
		BE40C20F2F36806546FA12F2 /* AboutViewMask.swift */ = {isa = PBXFileReference; fileEncoding = 4; lastKnownFileType = sourcecode.swift; path = AboutViewMask.swift; sourceTree = "<group>"; };
		BE40C2AFF47D9DF921478D99 /* LoadingView.swift */ = {isa = PBXFileReference; fileEncoding = 4; lastKnownFileType = sourcecode.swift; path = LoadingView.swift; sourceTree = "<group>"; };
		BE40C2BE7DCD9821A48B1706 /* SearchViewController.swift */ = {isa = PBXFileReference; fileEncoding = 4; lastKnownFileType = sourcecode.swift; path = SearchViewController.swift; sourceTree = "<group>"; };
		BE40C2E96D190E76939819C6 /* JokesAdapter.swift */ = {isa = PBXFileReference; fileEncoding = 4; lastKnownFileType = sourcecode.swift; path = JokesAdapter.swift; sourceTree = "<group>"; };
		BE40C436A946A9432981A7E8 /* SplashViewController.swift */ = {isa = PBXFileReference; fileEncoding = 4; lastKnownFileType = sourcecode.swift; path = SplashViewController.swift; sourceTree = "<group>"; };
		BE40C45EE706BF926DF522A9 /* licenses.html */ = {isa = PBXFileReference; fileEncoding = 4; lastKnownFileType = text.html; path = licenses.html; sourceTree = "<group>"; };
		BE40C483B2AA88F344E8B2D2 /* ReplaceSegue.swift */ = {isa = PBXFileReference; fileEncoding = 4; lastKnownFileType = sourcecode.swift; path = ReplaceSegue.swift; sourceTree = "<group>"; };
		BE40C4A4F0DFBBB7B05096AC /* CharacterView.swift */ = {isa = PBXFileReference; fileEncoding = 4; lastKnownFileType = sourcecode.swift; path = CharacterView.swift; sourceTree = "<group>"; };
		BE40C4E2E70D3C8B667EEE4D /* UIView_Extension.swift */ = {isa = PBXFileReference; fileEncoding = 4; lastKnownFileType = sourcecode.swift; path = UIView_Extension.swift; sourceTree = "<group>"; };
		BE40C4F45C8A048B1F23ACBB /* AcknowledgementsPresenter.swift */ = {isa = PBXFileReference; fileEncoding = 4; lastKnownFileType = sourcecode.swift; path = AcknowledgementsPresenter.swift; sourceTree = "<group>"; };
		BE40C553D6C08D4843181E5A /* KeyboardChangeObserver.swift */ = {isa = PBXFileReference; fileEncoding = 4; lastKnownFileType = sourcecode.swift; path = KeyboardChangeObserver.swift; sourceTree = "<group>"; };
		BE40C5769F0EA7D8502BBB44 /* CustomLabel.swift */ = {isa = PBXFileReference; fileEncoding = 4; lastKnownFileType = sourcecode.swift; path = CustomLabel.swift; sourceTree = "<group>"; };
		BE40C57FDBB65334C340B18E /* HomePresenter.swift */ = {isa = PBXFileReference; fileEncoding = 4; lastKnownFileType = sourcecode.swift; path = HomePresenter.swift; sourceTree = "<group>"; };
		BE40C616814E046E825D3F78 /* CustomNavigationItem.swift */ = {isa = PBXFileReference; fileEncoding = 4; lastKnownFileType = sourcecode.swift; path = CustomNavigationItem.swift; sourceTree = "<group>"; };
		BE40C66F802DCB285019F9A5 /* AcknowledgementsViewMask.swift */ = {isa = PBXFileReference; fileEncoding = 4; lastKnownFileType = sourcecode.swift; path = AcknowledgementsViewMask.swift; sourceTree = "<group>"; };
		BE40C6C59063F6DF96C5274C /* ObservableConstraint.swift */ = {isa = PBXFileReference; fileEncoding = 4; lastKnownFileType = sourcecode.swift; path = ObservableConstraint.swift; sourceTree = "<group>"; };
		BE40C6CEA7429A7645564725 /* SplashViewMask.swift */ = {isa = PBXFileReference; fileEncoding = 4; lastKnownFileType = sourcecode.swift; path = SplashViewMask.swift; sourceTree = "<group>"; };
		BE40C701CF57A78B9A760ADF /* SplashPresenter.swift */ = {isa = PBXFileReference; fileEncoding = 4; lastKnownFileType = sourcecode.swift; path = SplashPresenter.swift; sourceTree = "<group>"; };
		BE40C7D6A23BBDF3AED9E040 /* InlineLoadingView.swift */ = {isa = PBXFileReference; fileEncoding = 4; lastKnownFileType = sourcecode.swift; path = InlineLoadingView.swift; sourceTree = "<group>"; };
		BE40C7F28310119A237B5460 /* CustomButton.swift */ = {isa = PBXFileReference; fileEncoding = 4; lastKnownFileType = sourcecode.swift; path = CustomButton.swift; sourceTree = "<group>"; };
		BE40C830CB5398CB35135FA4 /* URL_Extension.swift */ = {isa = PBXFileReference; fileEncoding = 4; lastKnownFileType = sourcecode.swift; path = URL_Extension.swift; sourceTree = "<group>"; };
		BE40C83FB5D48F4623709463 /* BaseViewMask.swift */ = {isa = PBXFileReference; fileEncoding = 4; lastKnownFileType = sourcecode.swift; path = BaseViewMask.swift; sourceTree = "<group>"; };
		BE40C8B97F87BA8430A735C0 /* JokesHolder.swift */ = {isa = PBXFileReference; fileEncoding = 4; lastKnownFileType = sourcecode.swift; path = JokesHolder.swift; sourceTree = "<group>"; };
		BE40C8C077852D92D8A4DC01 /* HomeViewMask.swift */ = {isa = PBXFileReference; fileEncoding = 4; lastKnownFileType = sourcecode.swift; path = HomeViewMask.swift; sourceTree = "<group>"; };
		BE40C9CEEF9D09D1E03DB95F /* AcknowledgementsViewController.swift */ = {isa = PBXFileReference; fileEncoding = 4; lastKnownFileType = sourcecode.swift; path = AcknowledgementsViewController.swift; sourceTree = "<group>"; };
		BE40CA4560F7C1F486F9B9C7 /* Attributes.swift */ = {isa = PBXFileReference; fileEncoding = 4; lastKnownFileType = sourcecode.swift; path = Attributes.swift; sourceTree = "<group>"; };
		BE40CA4C0BCB79C2CBA20B5E /* DrawerView.swift */ = {isa = PBXFileReference; fileEncoding = 4; lastKnownFileType = sourcecode.swift; path = DrawerView.swift; sourceTree = "<group>"; };
		BE40CA7F785E261C4FD11763 /* AboutViewController.swift */ = {isa = PBXFileReference; fileEncoding = 4; lastKnownFileType = sourcecode.swift; path = AboutViewController.swift; sourceTree = "<group>"; };
		BE40CA93D2A3EC77E6B646D9 /* CustomTextField.swift */ = {isa = PBXFileReference; fileEncoding = 4; lastKnownFileType = sourcecode.swift; path = CustomTextField.swift; sourceTree = "<group>"; };
		BE40CAF6AE9FD32737FB5326 /* Joke.swift */ = {isa = PBXFileReference; fileEncoding = 4; lastKnownFileType = sourcecode.swift; path = Joke.swift; sourceTree = "<group>"; };
		BE40CB1BB8E9BF913EF89839 /* Launch.storyboard */ = {isa = PBXFileReference; lastKnownFileType = file.storyboard; path = Launch.storyboard; sourceTree = "<group>"; };
		BE40CB24A8833BE26EAC9169 /* JokesPagerAdapter.swift */ = {isa = PBXFileReference; fileEncoding = 4; lastKnownFileType = sourcecode.swift; path = JokesPagerAdapter.swift; sourceTree = "<group>"; };
		BE40CB81503DDEB136E5FD6A /* Splash.storyboard */ = {isa = PBXFileReference; lastKnownFileType = file.storyboard; path = Splash.storyboard; sourceTree = "<group>"; };
		BE40CB89F0699E458124585D /* BaseUIView.swift */ = {isa = PBXFileReference; fileEncoding = 4; lastKnownFileType = sourcecode.swift; path = BaseUIView.swift; sourceTree = "<group>"; };
		BE40CC54895F50A3D58C5318 /* Array_Extension.swift */ = {isa = PBXFileReference; fileEncoding = 4; lastKnownFileType = sourcecode.swift; path = Array_Extension.swift; sourceTree = "<group>"; };
		BE40CCAC5329789D7F77D33E /* ErrorDto.swift */ = {isa = PBXFileReference; fileEncoding = 4; lastKnownFileType = sourcecode.swift; path = ErrorDto.swift; sourceTree = "<group>"; };
		BE40CCB281B1CF7681EE1364 /* SearchViewMask.swift */ = {isa = PBXFileReference; fileEncoding = 4; lastKnownFileType = sourcecode.swift; path = SearchViewMask.swift; sourceTree = "<group>"; };
		BE40CCB3A1C9E77FF076BE8F /* NSAttributedString_Extension.swift */ = {isa = PBXFileReference; fileEncoding = 4; lastKnownFileType = sourcecode.swift; path = NSAttributedString_Extension.swift; sourceTree = "<group>"; };
		BE40CCC5D91E07C9D5DECAF9 /* BaseViewController.swift */ = {isa = PBXFileReference; fileEncoding = 4; lastKnownFileType = sourcecode.swift; path = BaseViewController.swift; sourceTree = "<group>"; };
		BE40CCE6981BE6BB563A55E4 /* JokePageCell.swift */ = {isa = PBXFileReference; fileEncoding = 4; lastKnownFileType = sourcecode.swift; path = JokePageCell.swift; sourceTree = "<group>"; };
		BE40CCEC18BF5C428BA14B77 /* CustomNavigationController.swift */ = {isa = PBXFileReference; fileEncoding = 4; lastKnownFileType = sourcecode.swift; path = CustomNavigationController.swift; sourceTree = "<group>"; };
		BE40CD0B90FC114FD2C3F01B /* NSMutableAttributedString_Extension.swift */ = {isa = PBXFileReference; fileEncoding = 4; lastKnownFileType = sourcecode.swift; path = NSMutableAttributedString_Extension.swift; sourceTree = "<group>"; };
		BE40CD13D7711FF67FE76225 /* UIColor_Extension.swift */ = {isa = PBXFileReference; fileEncoding = 4; lastKnownFileType = sourcecode.swift; path = UIColor_Extension.swift; sourceTree = "<group>"; };
		BE40CDC25B26D05541B5934E /* AboutPresenter.swift */ = {isa = PBXFileReference; fileEncoding = 4; lastKnownFileType = sourcecode.swift; path = AboutPresenter.swift; sourceTree = "<group>"; };
		BE40CDD52A09190E6E342A46 /* UIFont_Extension.swift */ = {isa = PBXFileReference; fileEncoding = 4; lastKnownFileType = sourcecode.swift; path = UIFont_Extension.swift; sourceTree = "<group>"; };
		BE40CE3C3A241F55E90ABA09 /* JokeCell.swift */ = {isa = PBXFileReference; fileEncoding = 4; lastKnownFileType = sourcecode.swift; path = JokeCell.swift; sourceTree = "<group>"; };
		BE40CEB99E63C82ABEF83156 /* Dimensions.swift */ = {isa = PBXFileReference; fileEncoding = 4; lastKnownFileType = sourcecode.swift; path = Dimensions.swift; sourceTree = "<group>"; };
		BE40CEEFDE3164B6F41775A0 /* HomeViewController.swift */ = {isa = PBXFileReference; fileEncoding = 4; lastKnownFileType = sourcecode.swift; path = HomeViewController.swift; sourceTree = "<group>"; };
		BE40CEF758A6A167681E5745 /* String_Extension.swift */ = {isa = PBXFileReference; fileEncoding = 4; lastKnownFileType = sourcecode.swift; path = String_Extension.swift; sourceTree = "<group>"; };
		BE40CF7175EA6F83E423244A /* SearchPresenter.swift */ = {isa = PBXFileReference; fileEncoding = 4; lastKnownFileType = sourcecode.swift; path = SearchPresenter.swift; sourceTree = "<group>"; };
		CA7C78CE114EDBBC194D8E84 /* Pods-Showcase-Dev.release.xcconfig */ = {isa = PBXFileReference; includeInIndex = 1; lastKnownFileType = text.xcconfig; name = "Pods-Showcase-Dev.release.xcconfig"; path = "Pods/Target Support Files/Pods-Showcase-Dev/Pods-Showcase-Dev.release.xcconfig"; sourceTree = "<group>"; };
		E02AF8BB144403D3A5A9A35E /* Pods-Showcase.release.xcconfig */ = {isa = PBXFileReference; includeInIndex = 1; lastKnownFileType = text.xcconfig; name = "Pods-Showcase.release.xcconfig"; path = "Pods/Target Support Files/Pods-Showcase/Pods-Showcase.release.xcconfig"; sourceTree = "<group>"; };
		EEF5A32AE70774C7F942B237 /* Pods_Showcase_Dev.framework */ = {isa = PBXFileReference; explicitFileType = wrapper.framework; includeInIndex = 0; path = Pods_Showcase_Dev.framework; sourceTree = BUILT_PRODUCTS_DIR; };
/* End PBXFileReference section */

/* Begin PBXFrameworksBuildPhase section */
		30685A3E208174E8002935FE /* Frameworks */ = {
			isa = PBXFrameworksBuildPhase;
			buildActionMask = 2147483647;
			files = (
				0781241FEB10A4E8961AA0CD /* Pods_Showcase_Dev.framework in Frameworks */,
			);
			runOnlyForDeploymentPostprocessing = 0;
		};
		30B87ADF2081733300E10E57 /* Frameworks */ = {
			isa = PBXFrameworksBuildPhase;
			buildActionMask = 2147483647;
			files = (
				750C10E8F6EE2A748C1CC555 /* Pods_Showcase.framework in Frameworks */,
			);
			runOnlyForDeploymentPostprocessing = 0;
		};
/* End PBXFrameworksBuildPhase section */

/* Begin PBXGroup section */
		1AFB8FD3A27D4F3F670EF9FD /* Frameworks */ = {
			isa = PBXGroup;
			children = (
				9B758768C3D6ED83E9FAE757 /* Pods_Showcase.framework */,
				EEF5A32AE70774C7F942B237 /* Pods_Showcase_Dev.framework */,
			);
			name = Frameworks;
			sourceTree = "<group>";
		};
		30685A482081752E002935FE /* Showcase-Dev */ = {
			isa = PBXGroup;
			children = (
				30685A47208174E9002935FE /* Info.plist */,
			);
			path = "Showcase-Dev";
			sourceTree = "<group>";
		};
		30B87AD92081733300E10E57 = {
			isa = PBXGroup;
			children = (
				30685A482081752E002935FE /* Showcase-Dev */,
				30B87AE42081733300E10E57 /* Showcase */,
				30B87AE32081733300E10E57 /* Products */,
				885E760CE8CECFEAB4F7F6E8 /* Pods */,
				1AFB8FD3A27D4F3F670EF9FD /* Frameworks */,
			);
			sourceTree = "<group>";
		};
		30B87AE32081733300E10E57 /* Products */ = {
			isa = PBXGroup;
			children = (
				30B87AE22081733300E10E57 /* Showcase.app */,
				30685A46208174E8002935FE /* Showcase-Dev.app */,
			);
			name = Products;
			sourceTree = "<group>";
		};
		30B87AE42081733300E10E57 /* Showcase */ = {
			isa = PBXGroup;
			children = (
				30B87AE52081733300E10E57 /* AppDelegate.swift */,
				30B87AF12081733500E10E57 /* Info.plist */,
				BE40CF0EF1BC8401E890D555 /* Extensions */,
				BE40C1447EABC7B55DC1D4CF /* Models */,
				BE40C682B1AED10C9065F2B7 /* Resources */,
				BE40C08A7B78A8C1AF29BD2C /* Brokers */,
				BE40C44B0DC0FC4BF24D8F95 /* UI */,
				BE40C1052EBA5B23C2F71D42 /* Utils */,
			);
			path = Showcase;
			sourceTree = "<group>";
		};
		885E760CE8CECFEAB4F7F6E8 /* Pods */ = {
			isa = PBXGroup;
			children = (
				7FFA5391D5D54E0B5705A5C2 /* Pods-Showcase.debug.xcconfig */,
				E02AF8BB144403D3A5A9A35E /* Pods-Showcase.release.xcconfig */,
				488D3F893587BA5D96DFD99F /* Pods-Showcase-Dev.debug.xcconfig */,
				CA7C78CE114EDBBC194D8E84 /* Pods-Showcase-Dev.release.xcconfig */,
			);
			name = Pods;
			sourceTree = "<group>";
		};
		BE40C0632503ED6F782C2A60 /* Adapters */ = {
			isa = PBXGroup;
			children = (
				BE40C2E96D190E76939819C6 /* JokesAdapter.swift */,
			);
			path = Adapters;
			sourceTree = "<group>";
		};
		BE40C08A7B78A8C1AF29BD2C /* Brokers */ = {
			isa = PBXGroup;
			children = (
				BE40C08FCCD1F3A08793FA2C /* BaseHttpBroker.swift */,
				BE40C1337106EA5789B09565 /* JokesBroker.swift */,
			);
			path = Brokers;
			sourceTree = "<group>";
		};
		BE40C1052EBA5B23C2F71D42 /* Utils */ = {
			isa = PBXGroup;
			children = (
				BE40CA4560F7C1F486F9B9C7 /* Attributes.swift */,
			);
			path = Utils;
			sourceTree = "<group>";
		};
		BE40C139C3F6F68D55DBB8A3 /* Layouts */ = {
			isa = PBXGroup;
			children = (
				BE40CB81503DDEB136E5FD6A /* Splash.storyboard */,
				BE40CB1BB8E9BF913EF89839 /* Launch.storyboard */,
				3029491920818E830034DF65 /* Home.storyboard */,
				30236FA72082BD360049D817 /* DrawerView.xib */,
				30D5BD0520842B9F0023319C /* LoadingView.xib */,
				30D5BD0820842C010023319C /* InlineLoadingView.xib */,
			);
			path = Layouts;
			sourceTree = "<group>";
		};
		BE40C1447EABC7B55DC1D4CF /* Models */ = {
			isa = PBXGroup;
			children = (
				BE40CAF6AE9FD32737FB5326 /* Joke.swift */,
				BE40C8B97F87BA8430A735C0 /* JokesHolder.swift */,
				BE40CCAC5329789D7F77D33E /* ErrorDto.swift */,
			);
			path = Models;
			sourceTree = "<group>";
		};
		BE40C18D79100F80B213A5BE /* Search */ = {
			isa = PBXGroup;
			children = (
				BE40CF7175EA6F83E423244A /* SearchPresenter.swift */,
				BE40C2BE7DCD9821A48B1706 /* SearchViewController.swift */,
				BE40CCB281B1CF7681EE1364 /* SearchViewMask.swift */,
				BE40C0632503ED6F782C2A60 /* Adapters */,
				BE40C8B876887FD1A516F989 /* Views */,
			);
			path = Search;
			sourceTree = "<group>";
		};
		BE40C2861BEF446D48708DEE /* Files */ = {
			isa = PBXGroup;
			children = (
				BE40C45EE706BF926DF522A9 /* licenses.html */,
			);
			path = Files;
			sourceTree = "<group>";
		};
		BE40C3DF280FB6E5E1FCA84E /* Adapters */ = {
			isa = PBXGroup;
			children = (
				BE40CB24A8833BE26EAC9169 /* JokesPagerAdapter.swift */,
			);
			path = Adapters;
			sourceTree = "<group>";
		};
		BE40C44B0DC0FC4BF24D8F95 /* UI */ = {
			isa = PBXGroup;
			children = (
				BE40C73AD8C09D27FD3AB0D3 /* Common */,
				BE40CCF9812655E3CBF7B5F1 /* Splash */,
				BE40C844320788F27C76628F /* Home */,
			);
			path = UI;
			sourceTree = "<group>";
		};
		BE40C64FDC0AB6A0C2D3B022 /* Acknowledgements */ = {
			isa = PBXGroup;
			children = (
				BE40C9CEEF9D09D1E03DB95F /* AcknowledgementsViewController.swift */,
				BE40C66F802DCB285019F9A5 /* AcknowledgementsViewMask.swift */,
				BE40C4F45C8A048B1F23ACBB /* AcknowledgementsPresenter.swift */,
			);
			path = Acknowledgements;
			sourceTree = "<group>";
		};
		BE40C682B1AED10C9065F2B7 /* Resources */ = {
			isa = PBXGroup;
			children = (
				BE40C02AA8662398B0ED4658 /* Assets.xcassets */,
				BE40C996E41498773FC9A079 /* Fonts */,
				BE40C139C3F6F68D55DBB8A3 /* Layouts */,
				3029491520817B870034DF65 /* Localizable.strings */,
				BE40C2861BEF446D48708DEE /* Files */,
				BE40CB0506CE497C3662BA37 /* Values */,
			);
			path = Resources;
			sourceTree = "<group>";
		};
		BE40C73AD8C09D27FD3AB0D3 /* Common */ = {
			isa = PBXGroup;
			children = (
				BE40CA389C302C71E09A5EF2 /* Helpers */,
				BE40C985D103334C6D47371B /* Views */,
				BE40C14A982F202A8BD43A07 /* BasePresenter.swift */,
				BE40C83FB5D48F4623709463 /* BaseViewMask.swift */,
				BE40CCC5D91E07C9D5DECAF9 /* BaseViewController.swift */,
			);
			path = Common;
			sourceTree = "<group>";
		};
		BE40C844320788F27C76628F /* Home */ = {
			isa = PBXGroup;
			children = (
				BE40CEEFDE3164B6F41775A0 /* HomeViewController.swift */,
				BE40C57FDBB65334C340B18E /* HomePresenter.swift */,
				BE40C8C077852D92D8A4DC01 /* HomeViewMask.swift */,
				BE40CE1C8BCBF191D5D92B96 /* About */,
				BE40C64FDC0AB6A0C2D3B022 /* Acknowledgements */,
				BE40C18D79100F80B213A5BE /* Search */,
				BE40C94C6F828958056ED0ED /* Views */,
				BE40C3DF280FB6E5E1FCA84E /* Adapters */,
			);
			path = Home;
			sourceTree = "<group>";
		};
		BE40C8B876887FD1A516F989 /* Views */ = {
			isa = PBXGroup;
			children = (
				BE40CE3C3A241F55E90ABA09 /* JokeCell.swift */,
				BE40C7D6A23BBDF3AED9E040 /* InlineLoadingView.swift */,
			);
			path = Views;
			sourceTree = "<group>";
		};
		BE40C94C6F828958056ED0ED /* Views */ = {
			isa = PBXGroup;
			children = (
				BE40CA4C0BCB79C2CBA20B5E /* DrawerView.swift */,
				BE40C4A4F0DFBBB7B05096AC /* CharacterView.swift */,
				BE40CCE6981BE6BB563A55E4 /* JokePageCell.swift */,
			);
			path = Views;
			sourceTree = "<group>";
		};
		BE40C985D103334C6D47371B /* Views */ = {
			isa = PBXGroup;
			children = (
				BE40CB89F0699E458124585D /* BaseUIView.swift */,
				BE40C7F28310119A237B5460 /* CustomButton.swift */,
				BE40C5769F0EA7D8502BBB44 /* CustomLabel.swift */,
				BE40CCEC18BF5C428BA14B77 /* CustomNavigationController.swift */,
				BE40C616814E046E825D3F78 /* CustomNavigationItem.swift */,
				BE40CA93D2A3EC77E6B646D9 /* CustomTextField.swift */,
				BE40C2AFF47D9DF921478D99 /* LoadingView.swift */,
			);
			path = Views;
			sourceTree = "<group>";
		};
		BE40C996E41498773FC9A079 /* Fonts */ = {
			isa = PBXGroup;
			children = (
				3029491C208193550034DF65 /* lato_bold.ttf */,
				3029491D208193550034DF65 /* lato_light.ttf */,
				3029491E208193550034DF65 /* lato_regular.ttf */,
			);
			path = Fonts;
			sourceTree = "<group>";
		};
		BE40CA389C302C71E09A5EF2 /* Helpers */ = {
			isa = PBXGroup;
			children = (
				BE40C1736107DC243C6912AC /* Identifiers.swift */,
				BE40C553D6C08D4843181E5A /* KeyboardChangeObserver.swift */,
				BE40C6C59063F6DF96C5274C /* ObservableConstraint.swift */,
				BE40C483B2AA88F344E8B2D2 /* ReplaceSegue.swift */,
			);
			path = Helpers;
			sourceTree = "<group>";
		};
		BE40CB0506CE497C3662BA37 /* Values */ = {
			isa = PBXGroup;
			children = (
				BE40CEB99E63C82ABEF83156 /* Dimensions.swift */,
			);
			path = Values;
			sourceTree = "<group>";
		};
		BE40CCF9812655E3CBF7B5F1 /* Splash */ = {
			isa = PBXGroup;
			children = (
				BE40C701CF57A78B9A760ADF /* SplashPresenter.swift */,
				BE40C6CEA7429A7645564725 /* SplashViewMask.swift */,
				BE40C436A946A9432981A7E8 /* SplashViewController.swift */,
			);
			path = Splash;
			sourceTree = "<group>";
		};
		BE40CE1C8BCBF191D5D92B96 /* About */ = {
			isa = PBXGroup;
			children = (
				BE40CDC25B26D05541B5934E /* AboutPresenter.swift */,
				BE40CA7F785E261C4FD11763 /* AboutViewController.swift */,
				BE40C20F2F36806546FA12F2 /* AboutViewMask.swift */,
			);
			path = About;
			sourceTree = "<group>";
		};
		BE40CF0EF1BC8401E890D555 /* Extensions */ = {
			isa = PBXGroup;
			children = (
				BE40CC54895F50A3D58C5318 /* Array_Extension.swift */,
				BE40CCB3A1C9E77FF076BE8F /* NSAttributedString_Extension.swift */,
				BE40CD0B90FC114FD2C3F01B /* NSMutableAttributedString_Extension.swift */,
				BE40CEF758A6A167681E5745 /* String_Extension.swift */,
				BE40CD13D7711FF67FE76225 /* UIColor_Extension.swift */,
				BE40CDD52A09190E6E342A46 /* UIFont_Extension.swift */,
				BE40C4E2E70D3C8B667EEE4D /* UIView_Extension.swift */,
				BE40C830CB5398CB35135FA4 /* URL_Extension.swift */,
			);
			path = Extensions;
			sourceTree = "<group>";
		};
/* End PBXGroup section */

/* Begin PBXNativeTarget section */
		30685A3A208174E8002935FE /* Showcase-Dev */ = {
			isa = PBXNativeTarget;
			buildConfigurationList = 30685A43208174E8002935FE /* Build configuration list for PBXNativeTarget "Showcase-Dev" */;
			buildPhases = (
				B79C59BDEB0BCF25F4FEB0F0 /* [CP] Check Pods Manifest.lock */,
				30685A3B208174E8002935FE /* Sources */,
				30685A3E208174E8002935FE /* Frameworks */,
				30685A3F208174E8002935FE /* Resources */,
				36BD29065747AEA39997B02C /* [CP] Embed Pods Frameworks */,
				03F4F248AC58B5705B00884F /* [CP] Copy Pods Resources */,
			);
			buildRules = (
			);
			dependencies = (
			);
			name = "Showcase-Dev";
			productName = Showcase;
			productReference = 30685A46208174E8002935FE /* Showcase-Dev.app */;
			productType = "com.apple.product-type.application";
		};
		30B87AE12081733300E10E57 /* Showcase */ = {
			isa = PBXNativeTarget;
			buildConfigurationList = 30B87AF42081733500E10E57 /* Build configuration list for PBXNativeTarget "Showcase" */;
			buildPhases = (
				CA7D6EE94E94D77090E69179 /* [CP] Check Pods Manifest.lock */,
				30B87ADE2081733300E10E57 /* Sources */,
				30B87ADF2081733300E10E57 /* Frameworks */,
				30B87AE02081733300E10E57 /* Resources */,
				28AF16AF2E8CDD4189A6A88D /* [CP] Embed Pods Frameworks */,
				C6127322BEBE90D1618EC363 /* [CP] Copy Pods Resources */,
			);
			buildRules = (
			);
			dependencies = (
			);
			name = Showcase;
			productName = Showcase;
			productReference = 30B87AE22081733300E10E57 /* Showcase.app */;
			productType = "com.apple.product-type.application";
		};
/* End PBXNativeTarget section */

/* Begin PBXProject section */
		30B87ADA2081733300E10E57 /* Project object */ = {
			isa = PBXProject;
			attributes = {
				LastSwiftUpdateCheck = 0930;
				LastUpgradeCheck = 0930;
				ORGANIZATIONNAME = liamdegrey;
				TargetAttributes = {
					30B87AE12081733300E10E57 = {
						CreatedOnToolsVersion = 9.3;
					};
				};
			};
			buildConfigurationList = 30B87ADD2081733300E10E57 /* Build configuration list for PBXProject "Showcase" */;
			compatibilityVersion = "Xcode 9.3";
			developmentRegion = en;
			hasScannedForEncodings = 0;
			knownRegions = (
				en,
				Base,
			);
			mainGroup = 30B87AD92081733300E10E57;
			productRefGroup = 30B87AE32081733300E10E57 /* Products */;
			projectDirPath = "";
			projectRoot = "";
			targets = (
				30B87AE12081733300E10E57 /* Showcase */,
				30685A3A208174E8002935FE /* Showcase-Dev */,
			);
		};
/* End PBXProject section */

/* Begin PBXResourcesBuildPhase section */
		30685A3F208174E8002935FE /* Resources */ = {
			isa = PBXResourcesBuildPhase;
			buildActionMask = 2147483647;
			files = (
				30D5BD0A20842C010023319C /* InlineLoadingView.xib in Resources */,
				BE40C3A35256E5C574AFB894 /* Assets.xcassets in Resources */,
				30236FA92082BD360049D817 /* DrawerView.xib in Resources */,
				30294922208193550034DF65 /* lato_light.ttf in Resources */,
				3029491820817B870034DF65 /* Localizable.strings in Resources */,
				BE40C4826330D892C141659D /* Splash.storyboard in Resources */,
				3029491B20818E830034DF65 /* Home.storyboard in Resources */,
				BE40C23E48FACA541374E186 /* Launch.storyboard in Resources */,
				30294920208193550034DF65 /* lato_bold.ttf in Resources */,
				30D5BD0720842B9F0023319C /* LoadingView.xib in Resources */,
				BE40C646C53250439AB4A5E9 /* licenses.html in Resources */,
				30294924208193550034DF65 /* lato_regular.ttf in Resources */,
			);
			runOnlyForDeploymentPostprocessing = 0;
		};
		30B87AE02081733300E10E57 /* Resources */ = {
			isa = PBXResourcesBuildPhase;
			buildActionMask = 2147483647;
			files = (
				30D5BD0920842C010023319C /* InlineLoadingView.xib in Resources */,
				BE40CA5A57A1277BA732F9E6 /* Assets.xcassets in Resources */,
				30236FA82082BD360049D817 /* DrawerView.xib in Resources */,
				30294921208193550034DF65 /* lato_light.ttf in Resources */,
				3029491720817B870034DF65 /* Localizable.strings in Resources */,
				BE40CD0E08C5470DB7F46546 /* Splash.storyboard in Resources */,
				3029491A20818E830034DF65 /* Home.storyboard in Resources */,
				BE40C1C339DE5EB7E2F1019F /* Launch.storyboard in Resources */,
				3029491F208193550034DF65 /* lato_bold.ttf in Resources */,
				30D5BD0620842B9F0023319C /* LoadingView.xib in Resources */,
				BE40CB7DE83B014352DE617F /* licenses.html in Resources */,
				30294923208193550034DF65 /* lato_regular.ttf in Resources */,
			);
			runOnlyForDeploymentPostprocessing = 0;
		};
/* End PBXResourcesBuildPhase section */

/* Begin PBXShellScriptBuildPhase section */
		03F4F248AC58B5705B00884F /* [CP] Copy Pods Resources */ = {
			isa = PBXShellScriptBuildPhase;
			buildActionMask = 2147483647;
			files = (
			);
			inputPaths = (
			);
			name = "[CP] Copy Pods Resources";
			outputPaths = (
			);
			runOnlyForDeploymentPostprocessing = 0;
			shellPath = /bin/sh;
			shellScript = "\"${SRCROOT}/Pods/Target Support Files/Pods-Showcase-Dev/Pods-Showcase-Dev-resources.sh\"\n";
			showEnvVarsInLog = 0;
		};
		28AF16AF2E8CDD4189A6A88D /* [CP] Embed Pods Frameworks */ = {
			isa = PBXShellScriptBuildPhase;
			buildActionMask = 2147483647;
			files = (
			);
			inputPaths = (
				"${SRCROOT}/Pods/Target Support Files/Pods-Showcase/Pods-Showcase-frameworks.sh",
				"${BUILT_PRODUCTS_DIR}/RxCocoa/RxCocoa.framework",
				"${BUILT_PRODUCTS_DIR}/RxSwift/RxSwift.framework",
			);
			name = "[CP] Embed Pods Frameworks";
			outputPaths = (
				"${TARGET_BUILD_DIR}/${FRAMEWORKS_FOLDER_PATH}/RxCocoa.framework",
				"${TARGET_BUILD_DIR}/${FRAMEWORKS_FOLDER_PATH}/RxSwift.framework",
			);
			runOnlyForDeploymentPostprocessing = 0;
			shellPath = /bin/sh;
			shellScript = "\"${SRCROOT}/Pods/Target Support Files/Pods-Showcase/Pods-Showcase-frameworks.sh\"\n";
			showEnvVarsInLog = 0;
		};
		36BD29065747AEA39997B02C /* [CP] Embed Pods Frameworks */ = {
			isa = PBXShellScriptBuildPhase;
			buildActionMask = 2147483647;
			files = (
			);
			inputPaths = (
				"${SRCROOT}/Pods/Target Support Files/Pods-Showcase-Dev/Pods-Showcase-Dev-frameworks.sh",
				"${BUILT_PRODUCTS_DIR}/RxCocoa/RxCocoa.framework",
				"${BUILT_PRODUCTS_DIR}/RxSwift/RxSwift.framework",
			);
			name = "[CP] Embed Pods Frameworks";
			outputPaths = (
				"${TARGET_BUILD_DIR}/${FRAMEWORKS_FOLDER_PATH}/RxCocoa.framework",
				"${TARGET_BUILD_DIR}/${FRAMEWORKS_FOLDER_PATH}/RxSwift.framework",
			);
			runOnlyForDeploymentPostprocessing = 0;
			shellPath = /bin/sh;
			shellScript = "\"${SRCROOT}/Pods/Target Support Files/Pods-Showcase-Dev/Pods-Showcase-Dev-frameworks.sh\"\n";
			showEnvVarsInLog = 0;
		};
		B79C59BDEB0BCF25F4FEB0F0 /* [CP] Check Pods Manifest.lock */ = {
			isa = PBXShellScriptBuildPhase;
			buildActionMask = 2147483647;
			files = (
			);
			inputPaths = (
				"${PODS_PODFILE_DIR_PATH}/Podfile.lock",
				"${PODS_ROOT}/Manifest.lock",
			);
			name = "[CP] Check Pods Manifest.lock";
			outputPaths = (
				"$(DERIVED_FILE_DIR)/Pods-Showcase-Dev-checkManifestLockResult.txt",
			);
			runOnlyForDeploymentPostprocessing = 0;
			shellPath = /bin/sh;
			shellScript = "diff \"${PODS_PODFILE_DIR_PATH}/Podfile.lock\" \"${PODS_ROOT}/Manifest.lock\" > /dev/null\nif [ $? != 0 ] ; then\n    # print error to STDERR\n    echo \"error: The sandbox is not in sync with the Podfile.lock. Run 'pod install' or update your CocoaPods installation.\" >&2\n    exit 1\nfi\n# This output is used by Xcode 'outputs' to avoid re-running this script phase.\necho \"SUCCESS\" > \"${SCRIPT_OUTPUT_FILE_0}\"\n";
			showEnvVarsInLog = 0;
		};
		C6127322BEBE90D1618EC363 /* [CP] Copy Pods Resources */ = {
			isa = PBXShellScriptBuildPhase;
			buildActionMask = 2147483647;
			files = (
			);
			inputPaths = (
			);
			name = "[CP] Copy Pods Resources";
			outputPaths = (
			);
			runOnlyForDeploymentPostprocessing = 0;
			shellPath = /bin/sh;
			shellScript = "\"${SRCROOT}/Pods/Target Support Files/Pods-Showcase/Pods-Showcase-resources.sh\"\n";
			showEnvVarsInLog = 0;
		};
		CA7D6EE94E94D77090E69179 /* [CP] Check Pods Manifest.lock */ = {
			isa = PBXShellScriptBuildPhase;
			buildActionMask = 2147483647;
			files = (
			);
			inputPaths = (
				"${PODS_PODFILE_DIR_PATH}/Podfile.lock",
				"${PODS_ROOT}/Manifest.lock",
			);
			name = "[CP] Check Pods Manifest.lock";
			outputPaths = (
				"$(DERIVED_FILE_DIR)/Pods-Showcase-checkManifestLockResult.txt",
			);
			runOnlyForDeploymentPostprocessing = 0;
			shellPath = /bin/sh;
			shellScript = "diff \"${PODS_PODFILE_DIR_PATH}/Podfile.lock\" \"${PODS_ROOT}/Manifest.lock\" > /dev/null\nif [ $? != 0 ] ; then\n    # print error to STDERR\n    echo \"error: The sandbox is not in sync with the Podfile.lock. Run 'pod install' or update your CocoaPods installation.\" >&2\n    exit 1\nfi\n# This output is used by Xcode 'outputs' to avoid re-running this script phase.\necho \"SUCCESS\" > \"${SCRIPT_OUTPUT_FILE_0}\"\n";
			showEnvVarsInLog = 0;
		};
/* End PBXShellScriptBuildPhase section */

/* Begin PBXSourcesBuildPhase section */
		30685A3B208174E8002935FE /* Sources */ = {
			isa = PBXSourcesBuildPhase;
			buildActionMask = 2147483647;
			files = (
				30685A3D208174E8002935FE /* AppDelegate.swift in Sources */,
				BE40C890D2A7B5F6CDF204D1 /* Array_Extension.swift in Sources */,
				BE40C2B40774993A0109E6A6 /* NSAttributedString_Extension.swift in Sources */,
				BE40CC47A59DB3FC1F0C21E8 /* NSMutableAttributedString_Extension.swift in Sources */,
				BE40CDA72838A7705FD952A6 /* String_Extension.swift in Sources */,
				BE40C0BCD11704F17DC5C335 /* UIColor_Extension.swift in Sources */,
				BE40CFDC0B2B77D27F818394 /* UIFont_Extension.swift in Sources */,
				BE40C0D30E7432C6DA881CEB /* UIView_Extension.swift in Sources */,
				BE40C88B5C9763B124084257 /* Dimensions.swift in Sources */,
				BE40CBBA4674D8B9C42D93D9 /* Attributes.swift in Sources */,
				BE40C740AFB8431E24F9EBBD /* URL_Extension.swift in Sources */,
				BE40CB1D47570FA3DE02B165 /* Identifiers.swift in Sources */,
				BE40CAAE38CBC0FE573110F1 /* KeyboardChangeObserver.swift in Sources */,
				BE40C59187FD43C5461DF012 /* ObservableConstraint.swift in Sources */,
				BE40C0B1456CC8E334E5D1FE /* ReplaceSegue.swift in Sources */,
				BE40C78A68CEA7AF285374EC /* BaseUIView.swift in Sources */,
				BE40C979524E1B07C5D95217 /* CustomButton.swift in Sources */,
				BE40C49A190B66672EDB44B6 /* CustomLabel.swift in Sources */,
				BE40CBB026685BB106F30A08 /* CustomNavigationController.swift in Sources */,
				BE40C719FCC03139D1A257FC /* CustomNavigationItem.swift in Sources */,
				BE40C6F4E295A321DCB0FD0D /* CustomTextField.swift in Sources */,
				BE40C129386113265DF12EB1 /* LoadingView.swift in Sources */,
				BE40C8A260D50BE23986193C /* BasePresenter.swift in Sources */,
				BE40C02E7889BD867723D038 /* BaseViewMask.swift in Sources */,
				BE40C246CD986FD3994E7569 /* BaseViewController.swift in Sources */,
				BE40CD867BAEB190D0EB7536 /* SplashPresenter.swift in Sources */,
				BE40CC581C3D923620A65D2D /* SplashViewMask.swift in Sources */,
				BE40CD4C68B18210C8522B7B /* SplashViewController.swift in Sources */,
				BE40C39F209BDC228A13E6BE /* HomeViewController.swift in Sources */,
				BE40CA21280B38AEF0F65A10 /* HomePresenter.swift in Sources */,
				BE40C16B432B47BB665A7DB7 /* HomeViewMask.swift in Sources */,
				BE40CA984BB69F760498495D /* AboutPresenter.swift in Sources */,
				BE40C46518E74C8D8AD9E937 /* AboutViewController.swift in Sources */,
				BE40C02CD48FE7F78640BF38 /* AboutViewMask.swift in Sources */,
				BE40C467B70327309EC28670 /* AcknowledgementsViewController.swift in Sources */,
				BE40C28BC7F7E5D1082471DA /* AcknowledgementsViewMask.swift in Sources */,
				BE40C0BC03A9EB748A9DF1F0 /* AcknowledgementsPresenter.swift in Sources */,
				BE40C67639745F5F69025087 /* SearchPresenter.swift in Sources */,
				BE40CC742D0A8DE073E6ADBE /* SearchViewController.swift in Sources */,
				BE40C3861E38F2C51C5F9306 /* SearchViewMask.swift in Sources */,
				BE40C4C769631A41EAABD6CA /* DrawerView.swift in Sources */,
				BE40C37C30D8BF5656C1A26D /* JokesAdapter.swift in Sources */,
				BE40CD3890822C778808C44F /* Joke.swift in Sources */,
				BE40CD593A4770F19ECD2131 /* JokesHolder.swift in Sources */,
				BE40C9E0A362D4A78A3E9266 /* JokeCell.swift in Sources */,
				BE40C0A3F46C42716E6AED1C /* CharacterView.swift in Sources */,
				BE40CFAB72ED0E7283719AAB /* BaseHttpBroker.swift in Sources */,
				BE40CE1BDBF976000FA02447 /* JokesBroker.swift in Sources */,
				BE40C9A46490B9BAC86BB3D6 /* ErrorDto.swift in Sources */,
				BE40C6ADC444EAE2994B4600 /* InlineLoadingView.swift in Sources */,
				BE40C2475D363B1DD5449451 /* JokePageCell.swift in Sources */,
				BE40CC53932BF7A4FFC4E4D6 /* JokesPagerAdapter.swift in Sources */,
			);
			runOnlyForDeploymentPostprocessing = 0;
		};
		30B87ADE2081733300E10E57 /* Sources */ = {
			isa = PBXSourcesBuildPhase;
			buildActionMask = 2147483647;
			files = (
				30B87AE62081733300E10E57 /* AppDelegate.swift in Sources */,
				BE40CB86C2F7A45F8D23B696 /* Array_Extension.swift in Sources */,
				BE40CD2362D41BF86D129231 /* NSAttributedString_Extension.swift in Sources */,
				BE40C93DF4BB80230E2B9DB5 /* NSMutableAttributedString_Extension.swift in Sources */,
				BE40C017F7B6C28BA9EBC5BE /* String_Extension.swift in Sources */,
				BE40CEBB40EB28988A3C2AAC /* UIColor_Extension.swift in Sources */,
				BE40CE8B1FEA65F35FC09F5B /* UIFont_Extension.swift in Sources */,
				BE40CFEABB9EABEC5FE04BD2 /* UIView_Extension.swift in Sources */,
				BE40C0A4432357D08C5A66F8 /* Dimensions.swift in Sources */,
				BE40CDF6C23D752EB74A9B42 /* Attributes.swift in Sources */,
				BE40CA28C1AB1DD49853432B /* URL_Extension.swift in Sources */,
				BE40C0130686EF7E10E43B09 /* Identifiers.swift in Sources */,
				BE40CA504DEFD26B0E504DFC /* KeyboardChangeObserver.swift in Sources */,
				BE40C420A0CCDB868701CE04 /* ObservableConstraint.swift in Sources */,
				BE40C9D3B64DEA5B3EEB3505 /* ReplaceSegue.swift in Sources */,
				BE40CCCE8F65021E235AF1A0 /* BaseUIView.swift in Sources */,
				BE40C575D2E7E33F1DD4DEC6 /* CustomButton.swift in Sources */,
				BE40C88925D62129907959EB /* CustomLabel.swift in Sources */,
				BE40C9F14506BDFB06003298 /* CustomNavigationController.swift in Sources */,
				BE40C6668EFD12C1F599FEBA /* CustomNavigationItem.swift in Sources */,
				BE40C839613268F3EFDA1D34 /* CustomTextField.swift in Sources */,
				BE40C0EC6E80D2F1D4CC8FDE /* LoadingView.swift in Sources */,
				BE40CB656B285E5EBDE78B0C /* BasePresenter.swift in Sources */,
				BE40C8AA319FAF77ACFBB76D /* BaseViewMask.swift in Sources */,
				BE40C63EF437F95EAD9133BF /* BaseViewController.swift in Sources */,
				BE40CD2239904EA74AA0634C /* SplashPresenter.swift in Sources */,
				BE40CA3EF736D7244EC77B29 /* SplashViewMask.swift in Sources */,
				BE40CCB9D4A6B32592DED295 /* SplashViewController.swift in Sources */,
				BE40CEB5B984FCA47418BB1F /* HomeViewController.swift in Sources */,
				BE40C138CF62FB6952295AAA /* HomePresenter.swift in Sources */,
				BE40C9D5D65FF19123ABCF70 /* HomeViewMask.swift in Sources */,
				BE40C99961305304478A1D9D /* AboutPresenter.swift in Sources */,
				BE40C5AA3848C211CB077977 /* AboutViewController.swift in Sources */,
				BE40CB0FBBBA1479774134E0 /* AboutViewMask.swift in Sources */,
				BE40CCAADAF618A035B3738B /* AcknowledgementsViewController.swift in Sources */,
				BE40C4C62DDA5F3385EE610B /* AcknowledgementsViewMask.swift in Sources */,
				BE40CED25595AA876D3D447B /* AcknowledgementsPresenter.swift in Sources */,
				BE40CD123AC8AD9F59090D70 /* SearchPresenter.swift in Sources */,
				BE40CFD15C5317988FEEDF52 /* SearchViewController.swift in Sources */,
				BE40CEDB1510CDA00A1401F0 /* SearchViewMask.swift in Sources */,
				BE40C287319C5BF7C93E4482 /* DrawerView.swift in Sources */,
				BE40CE957061C911B94D81C2 /* JokesAdapter.swift in Sources */,
				BE40C6232C3DDB8433609763 /* Joke.swift in Sources */,
				BE40CF5E209A8746EA6CBE54 /* JokesHolder.swift in Sources */,
				BE40CB9960042C43DC7987E9 /* JokeCell.swift in Sources */,
				BE40C504A5B8E91A69D3CB20 /* CharacterView.swift in Sources */,
				BE40C6381DE77D5685EF1DF0 /* BaseHttpBroker.swift in Sources */,
				BE40C6B2EF4D926A3E71BC52 /* JokesBroker.swift in Sources */,
				BE40C512DBAAD2D53D2FB9E9 /* ErrorDto.swift in Sources */,
				BE40C293A2B8BB7624C47264 /* InlineLoadingView.swift in Sources */,
				BE40C4C0E7F282BCB964BACF /* JokePageCell.swift in Sources */,
				BE40C39206B86865FA6A5483 /* JokesPagerAdapter.swift in Sources */,
			);
			runOnlyForDeploymentPostprocessing = 0;
		};
/* End PBXSourcesBuildPhase section */

/* Begin PBXVariantGroup section */
		3029491520817B870034DF65 /* Localizable.strings */ = {
			isa = PBXVariantGroup;
			children = (
				3029491620817B870034DF65 /* Base */,
			);
			name = Localizable.strings;
			sourceTree = "<group>";
		};
/* End PBXVariantGroup section */

/* Begin XCBuildConfiguration section */
		30685A44208174E8002935FE /* Debug */ = {
			isa = XCBuildConfiguration;
			baseConfigurationReference = 488D3F893587BA5D96DFD99F /* Pods-Showcase-Dev.debug.xcconfig */;
			buildSettings = {
				ASSETCATALOG_COMPILER_APPICON_NAME = AppIcon;
				CODE_SIGN_STYLE = Automatic;
				DEVELOPMENT_TEAM = T5W2J625U4;
				INFOPLIST_FILE = "$(SRCROOT)/Showcase-Dev/Info.plist";
				JOKES_API_HOST = "https://icanhazdadjoke.com";
				LD_RUNPATH_SEARCH_PATHS = (
					"$(inherited)",
					"@executable_path/Frameworks",
				);
				OTHER_SWIFT_FLAGS = "$(inherited) -DDEV";
				PRODUCT_BUNDLE_IDENTIFIER = nz.liamdegrey.showcase.dev;
				PRODUCT_NAME = "$(TARGET_NAME)";
				SWIFT_VERSION = 4.0;
				TARGETED_DEVICE_FAMILY = 1;
			};
			name = Debug;
		};
		30685A45208174E8002935FE /* Release */ = {
			isa = XCBuildConfiguration;
			baseConfigurationReference = CA7C78CE114EDBBC194D8E84 /* Pods-Showcase-Dev.release.xcconfig */;
			buildSettings = {
				ASSETCATALOG_COMPILER_APPICON_NAME = AppIcon;
				CODE_SIGN_STYLE = Automatic;
				DEVELOPMENT_TEAM = T5W2J625U4;
				INFOPLIST_FILE = "$(SRCROOT)/Showcase-Dev/Info.plist";
				JOKES_API_HOST = "https://icanhazdadjoke.com";
				LD_RUNPATH_SEARCH_PATHS = (
					"$(inherited)",
					"@executable_path/Frameworks",
				);
				OTHER_SWIFT_FLAGS = "$(inherited) -DDEV";
				PRODUCT_BUNDLE_IDENTIFIER = nz.liamdegrey.showcase.dev;
				PRODUCT_NAME = "$(TARGET_NAME)";
				SWIFT_VERSION = 4.0;
				TARGETED_DEVICE_FAMILY = 1;
			};
			name = Release;
		};
		30B87AF22081733500E10E57 /* Debug */ = {
			isa = XCBuildConfiguration;
			buildSettings = {
				ALWAYS_SEARCH_USER_PATHS = NO;
				CLANG_ANALYZER_NONNULL = YES;
				CLANG_ANALYZER_NUMBER_OBJECT_CONVERSION = YES_AGGRESSIVE;
				CLANG_CXX_LANGUAGE_STANDARD = "gnu++14";
				CLANG_CXX_LIBRARY = "libc++";
				CLANG_ENABLE_MODULES = YES;
				CLANG_ENABLE_OBJC_ARC = YES;
				CLANG_ENABLE_OBJC_WEAK = YES;
				CLANG_WARN_BLOCK_CAPTURE_AUTORELEASING = YES;
				CLANG_WARN_BOOL_CONVERSION = YES;
				CLANG_WARN_COMMA = YES;
				CLANG_WARN_CONSTANT_CONVERSION = YES;
				CLANG_WARN_DEPRECATED_OBJC_IMPLEMENTATIONS = YES;
				CLANG_WARN_DIRECT_OBJC_ISA_USAGE = YES_ERROR;
				CLANG_WARN_DOCUMENTATION_COMMENTS = YES;
				CLANG_WARN_EMPTY_BODY = YES;
				CLANG_WARN_ENUM_CONVERSION = YES;
				CLANG_WARN_INFINITE_RECURSION = YES;
				CLANG_WARN_INT_CONVERSION = YES;
				CLANG_WARN_NON_LITERAL_NULL_CONVERSION = YES;
				CLANG_WARN_OBJC_IMPLICIT_RETAIN_SELF = YES;
				CLANG_WARN_OBJC_LITERAL_CONVERSION = YES;
				CLANG_WARN_OBJC_ROOT_CLASS = YES_ERROR;
				CLANG_WARN_RANGE_LOOP_ANALYSIS = YES;
				CLANG_WARN_STRICT_PROTOTYPES = YES;
				CLANG_WARN_SUSPICIOUS_MOVE = YES;
				CLANG_WARN_UNGUARDED_AVAILABILITY = YES_AGGRESSIVE;
				CLANG_WARN_UNREACHABLE_CODE = YES;
				CLANG_WARN__DUPLICATE_METHOD_MATCH = YES;
				CODE_SIGN_IDENTITY = "iPhone Developer";
				COPY_PHASE_STRIP = NO;
				DEBUG_INFORMATION_FORMAT = dwarf;
				ENABLE_STRICT_OBJC_MSGSEND = YES;
				ENABLE_TESTABILITY = YES;
				GCC_C_LANGUAGE_STANDARD = gnu11;
				GCC_DYNAMIC_NO_PIC = NO;
				GCC_NO_COMMON_BLOCKS = YES;
				GCC_OPTIMIZATION_LEVEL = 0;
				GCC_PREPROCESSOR_DEFINITIONS = (
					"DEBUG=1",
					"$(inherited)",
				);
				GCC_WARN_64_TO_32_BIT_CONVERSION = YES;
				GCC_WARN_ABOUT_RETURN_TYPE = YES_ERROR;
				GCC_WARN_UNDECLARED_SELECTOR = YES;
				GCC_WARN_UNINITIALIZED_AUTOS = YES_AGGRESSIVE;
				GCC_WARN_UNUSED_FUNCTION = YES;
				GCC_WARN_UNUSED_VARIABLE = YES;
				IPHONEOS_DEPLOYMENT_TARGET = 11.3;
				MTL_ENABLE_DEBUG_INFO = YES;
				ONLY_ACTIVE_ARCH = YES;
				SDKROOT = iphoneos;
				SWIFT_ACTIVE_COMPILATION_CONDITIONS = DEBUG;
				SWIFT_OPTIMIZATION_LEVEL = "-Onone";
			};
			name = Debug;
		};
		30B87AF32081733500E10E57 /* Release */ = {
			isa = XCBuildConfiguration;
			buildSettings = {
				ALWAYS_SEARCH_USER_PATHS = NO;
				CLANG_ANALYZER_NONNULL = YES;
				CLANG_ANALYZER_NUMBER_OBJECT_CONVERSION = YES_AGGRESSIVE;
				CLANG_CXX_LANGUAGE_STANDARD = "gnu++14";
				CLANG_CXX_LIBRARY = "libc++";
				CLANG_ENABLE_MODULES = YES;
				CLANG_ENABLE_OBJC_ARC = YES;
				CLANG_ENABLE_OBJC_WEAK = YES;
				CLANG_WARN_BLOCK_CAPTURE_AUTORELEASING = YES;
				CLANG_WARN_BOOL_CONVERSION = YES;
				CLANG_WARN_COMMA = YES;
				CLANG_WARN_CONSTANT_CONVERSION = YES;
				CLANG_WARN_DEPRECATED_OBJC_IMPLEMENTATIONS = YES;
				CLANG_WARN_DIRECT_OBJC_ISA_USAGE = YES_ERROR;
				CLANG_WARN_DOCUMENTATION_COMMENTS = YES;
				CLANG_WARN_EMPTY_BODY = YES;
				CLANG_WARN_ENUM_CONVERSION = YES;
				CLANG_WARN_INFINITE_RECURSION = YES;
				CLANG_WARN_INT_CONVERSION = YES;
				CLANG_WARN_NON_LITERAL_NULL_CONVERSION = YES;
				CLANG_WARN_OBJC_IMPLICIT_RETAIN_SELF = YES;
				CLANG_WARN_OBJC_LITERAL_CONVERSION = YES;
				CLANG_WARN_OBJC_ROOT_CLASS = YES_ERROR;
				CLANG_WARN_RANGE_LOOP_ANALYSIS = YES;
				CLANG_WARN_STRICT_PROTOTYPES = YES;
				CLANG_WARN_SUSPICIOUS_MOVE = YES;
				CLANG_WARN_UNGUARDED_AVAILABILITY = YES_AGGRESSIVE;
				CLANG_WARN_UNREACHABLE_CODE = YES;
				CLANG_WARN__DUPLICATE_METHOD_MATCH = YES;
				CODE_SIGN_IDENTITY = "iPhone Developer";
				COPY_PHASE_STRIP = NO;
				DEBUG_INFORMATION_FORMAT = "dwarf-with-dsym";
				ENABLE_NS_ASSERTIONS = NO;
				ENABLE_STRICT_OBJC_MSGSEND = YES;
				GCC_C_LANGUAGE_STANDARD = gnu11;
				GCC_NO_COMMON_BLOCKS = YES;
				GCC_WARN_64_TO_32_BIT_CONVERSION = YES;
				GCC_WARN_ABOUT_RETURN_TYPE = YES_ERROR;
				GCC_WARN_UNDECLARED_SELECTOR = YES;
				GCC_WARN_UNINITIALIZED_AUTOS = YES_AGGRESSIVE;
				GCC_WARN_UNUSED_FUNCTION = YES;
				GCC_WARN_UNUSED_VARIABLE = YES;
				IPHONEOS_DEPLOYMENT_TARGET = 11.3;
				MTL_ENABLE_DEBUG_INFO = NO;
				SDKROOT = iphoneos;
				SWIFT_COMPILATION_MODE = wholemodule;
				SWIFT_OPTIMIZATION_LEVEL = "-O";
				VALIDATE_PRODUCT = YES;
			};
			name = Release;
		};
		30B87AF52081733500E10E57 /* Debug */ = {
			isa = XCBuildConfiguration;
			baseConfigurationReference = 7FFA5391D5D54E0B5705A5C2 /* Pods-Showcase.debug.xcconfig */;
			buildSettings = {
				ASSETCATALOG_COMPILER_APPICON_NAME = AppIcon;
				CODE_SIGN_STYLE = Automatic;
				DEVELOPMENT_TEAM = T5W2J625U4;
				INFOPLIST_FILE = Showcase/Info.plist;
				JOKES_API_HOST = "https://icanhazdadjoke.com";
				LD_RUNPATH_SEARCH_PATHS = (
					"$(inherited)",
					"@executable_path/Frameworks",
				);
				PRODUCT_BUNDLE_IDENTIFIER = nz.liamdegrey.showcase;
				PRODUCT_NAME = "$(TARGET_NAME)";
				SWIFT_VERSION = 4.0;
				TARGETED_DEVICE_FAMILY = 1;
			};
			name = Debug;
		};
		30B87AF62081733500E10E57 /* Release */ = {
			isa = XCBuildConfiguration;
			baseConfigurationReference = E02AF8BB144403D3A5A9A35E /* Pods-Showcase.release.xcconfig */;
			buildSettings = {
				ASSETCATALOG_COMPILER_APPICON_NAME = AppIcon;
				CODE_SIGN_STYLE = Automatic;
				DEVELOPMENT_TEAM = T5W2J625U4;
				INFOPLIST_FILE = Showcase/Info.plist;
				JOKES_API_HOST = "https://icanhazdadjoke.com";
				LD_RUNPATH_SEARCH_PATHS = (
					"$(inherited)",
					"@executable_path/Frameworks",
				);
				PRODUCT_BUNDLE_IDENTIFIER = nz.liamdegrey.showcase;
				PRODUCT_NAME = "$(TARGET_NAME)";
				SWIFT_VERSION = 4.0;
				TARGETED_DEVICE_FAMILY = 1;
			};
			name = Release;
		};
/* End XCBuildConfiguration section */

/* Begin XCConfigurationList section */
		30685A43208174E8002935FE /* Build configuration list for PBXNativeTarget "Showcase-Dev" */ = {
			isa = XCConfigurationList;
			buildConfigurations = (
				30685A44208174E8002935FE /* Debug */,
				30685A45208174E8002935FE /* Release */,
			);
			defaultConfigurationIsVisible = 0;
			defaultConfigurationName = Release;
		};
		30B87ADD2081733300E10E57 /* Build configuration list for PBXProject "Showcase" */ = {
			isa = XCConfigurationList;
			buildConfigurations = (
				30B87AF22081733500E10E57 /* Debug */,
				30B87AF32081733500E10E57 /* Release */,
			);
			defaultConfigurationIsVisible = 0;
			defaultConfigurationName = Release;
		};
		30B87AF42081733500E10E57 /* Build configuration list for PBXNativeTarget "Showcase" */ = {
			isa = XCConfigurationList;
			buildConfigurations = (
				30B87AF52081733500E10E57 /* Debug */,
				30B87AF62081733500E10E57 /* Release */,
			);
			defaultConfigurationIsVisible = 0;
			defaultConfigurationName = Release;
		};
/* End XCConfigurationList section */
	};
	rootObject = 30B87ADA2081733300E10E57 /* Project object */;
}
